// !$*UTF8*$!
{
	archiveVersion = 1;
	classes = {
	};
	objectVersion = 46;
	objects = {

/* Begin PBXBuildFile section */
		219A76201F3563B500A266CC /* AppDelegate.swift in Sources */ = {isa = PBXBuildFile; fileRef = 219A761F1F3563B500A266CC /* AppDelegate.swift */; };
		219A76221F3563B500A266CC /* ViewController.swift in Sources */ = {isa = PBXBuildFile; fileRef = 219A76211F3563B500A266CC /* ViewController.swift */; };
		219A76251F3563B500A266CC /* Main.storyboard in Resources */ = {isa = PBXBuildFile; fileRef = 219A76231F3563B500A266CC /* Main.storyboard */; };
		219A76271F3563B500A266CC /* Assets.xcassets in Resources */ = {isa = PBXBuildFile; fileRef = 219A76261F3563B500A266CC /* Assets.xcassets */; };
		219A762A1F3563B500A266CC /* LaunchScreen.storyboard in Resources */ = {isa = PBXBuildFile; fileRef = 219A76281F3563B500A266CC /* LaunchScreen.storyboard */; };
		219A76321F35644C00A266CC /* Section.swift in Sources */ = {isa = PBXBuildFile; fileRef = 219A76311F35644C00A266CC /* Section.swift */; };
/* End PBXBuildFile section */

/* Begin PBXFileReference section */
		219A761C1F3563B500A266CC /* Table Expandable.app */ = {isa = PBXFileReference; explicitFileType = wrapper.application; includeInIndex = 0; path = "Table Expandable.app"; sourceTree = BUILT_PRODUCTS_DIR; };
		219A761F1F3563B500A266CC /* AppDelegate.swift */ = {isa = PBXFileReference; lastKnownFileType = sourcecode.swift; path = AppDelegate.swift; sourceTree = "<group>"; };
		219A76211F3563B500A266CC /* ViewController.swift */ = {isa = PBXFileReference; lastKnownFileType = sourcecode.swift; path = ViewController.swift; sourceTree = "<group>"; };
		219A76241F3563B500A266CC /* Base */ = {isa = PBXFileReference; lastKnownFileType = file.storyboard; name = Base; path = Base.lproj/Main.storyboard; sourceTree = "<group>"; };
		219A76261F3563B500A266CC /* Assets.xcassets */ = {isa = PBXFileReference; lastKnownFileType = folder.assetcatalog; path = Assets.xcassets; sourceTree = "<group>"; };
		219A76291F3563B500A266CC /* Base */ = {isa = PBXFileReference; lastKnownFileType = file.storyboard; name = Base; path = Base.lproj/LaunchScreen.storyboard; sourceTree = "<group>"; };
		219A762B1F3563B500A266CC /* Info.plist */ = {isa = PBXFileReference; lastKnownFileType = text.plist.xml; path = Info.plist; sourceTree = "<group>"; };
		219A76311F35644C00A266CC /* Section.swift */ = {isa = PBXFileReference; fileEncoding = 4; lastKnownFileType = sourcecode.swift; path = Section.swift; sourceTree = "<group>"; };
/* End PBXFileReference section */

/* Begin PBXFrameworksBuildPhase section */
		219A76191F3563B500A266CC /* Frameworks */ = {
			isa = PBXFrameworksBuildPhase;
			buildActionMask = 2147483647;
			files = (
			);
			runOnlyForDeploymentPostprocessing = 0;
		};
/* End PBXFrameworksBuildPhase section */

/* Begin PBXGroup section */
		219A76131F3563B500A266CC = {
			isa = PBXGroup;
			children = (
				219A761E1F3563B500A266CC /* Table Expandable */,
				219A761D1F3563B500A266CC /* Products */,
			);
			sourceTree = "<group>";
		};
		219A761D1F3563B500A266CC /* Products */ = {
			isa = PBXGroup;
			children = (
				219A761C1F3563B500A266CC /* Table Expandable.app */,
			);
			name = Products;
			sourceTree = "<group>";
		};
		219A761E1F3563B500A266CC /* Table Expandable */ = {
			isa = PBXGroup;
			children = (
				219A761F1F3563B500A266CC /* AppDelegate.swift */,
				219A76211F3563B500A266CC /* ViewController.swift */,
				219A76311F35644C00A266CC /* Section.swift */,
				219A76231F3563B500A266CC /* Main.storyboard */,
				219A76261F3563B500A266CC /* Assets.xcassets */,
				219A76281F3563B500A266CC /* LaunchScreen.storyboard */,
				219A762B1F3563B500A266CC /* Info.plist */,
			);
			path = "Table Expandable";
			sourceTree = "<group>";
		};
/* End PBXGroup section */

/* Begin PBXNativeTarget section */
		219A761B1F3563B500A266CC /* Table Expandable */ = {
			isa = PBXNativeTarget;
			buildConfigurationList = 219A762E1F3563B500A266CC /* Build configuration list for PBXNativeTarget "Table Expandable" */;
			buildPhases = (
				219A76181F3563B500A266CC /* Sources */,
				219A76191F3563B500A266CC /* Frameworks */,
				219A761A1F3563B500A266CC /* Resources */,
			);
			buildRules = (
			);
			dependencies = (
			);
			name = "Table Expandable";
			productName = "Table Expandable";
			productReference = 219A761C1F3563B500A266CC /* Table Expandable.app */;
			productType = "com.apple.product-type.application";
		};
/* End PBXNativeTarget section */

/* Begin PBXProject section */
		219A76141F3563B500A266CC /* Project object */ = {
			isa = PBXProject;
			attributes = {
				LastSwiftUpdateCheck = 0830;
				LastUpgradeCheck = 0830;
				ORGANIZATIONNAME = Ram;
				TargetAttributes = {
					219A761B1F3563B500A266CC = {
						CreatedOnToolsVersion = 8.3;
						ProvisioningStyle = Automatic;
					};
				};
			};
			buildConfigurationList = 219A76171F3563B500A266CC /* Build configuration list for PBXProject "Table Expandable" */;
			compatibilityVersion = "Xcode 3.2";
			developmentRegion = English;
			hasScannedForEncodings = 0;
			knownRegions = (
				en,
				Base,
			);
			mainGroup = 219A76131F3563B500A266CC;
			productRefGroup = 219A761D1F3563B500A266CC /* Products */;
			projectDirPath = "";
			projectRoot = "";
			targets = (
				219A761B1F3563B500A266CC /* Table Expandable */,
			);
		};
/* End PBXProject section */

/* Begin PBXResourcesBuildPhase section */
		219A761A1F3563B500A266CC /* Resources */ = {
			isa = PBXResourcesBuildPhase;
			buildActionMask = 2147483647;
			files = (
				219A762A1F3563B500A266CC /* LaunchScreen.storyboard in Resources */,
				219A76271F3563B500A266CC /* Assets.xcassets in Resources */,
				219A76251F3563B500A266CC /* Main.storyboard in Resources */,
			);
			runOnlyForDeploymentPostprocessing = 0;
		};
/* End PBXResourcesBuildPhase section */

/* Begin PBXSourcesBuildPhase section */
		219A76181F3563B500A266CC /* Sources */ = {
			isa = PBXSourcesBuildPhase;
			buildActionMask = 2147483647;
			files = (
				219A76321F35644C00A266CC /* Section.swift in Sources */,
				219A76221F3563B500A266CC /* ViewController.swift in Sources */,
				219A76201F3563B500A266CC /* AppDelegate.swift in Sources */,
			);
			runOnlyForDeploymentPostprocessing = 0;
		};
/* End PBXSourcesBuildPhase section */

/* Begin PBXVariantGroup section */
		219A76231F3563B500A266CC /* Main.storyboard */ = {
			isa = PBXVariantGroup;
			children = (
				219A76241F3563B500A266CC /* Base */,
			);
			name = Main.storyboard;
			sourceTree = "<group>";
		};
		219A76281F3563B500A266CC /* LaunchScreen.storyboard */ = {
			isa = PBXVariantGroup;
			children = (
				219A76291F3563B500A266CC /* Base */,
			);
			name = LaunchScreen.storyboard;
			sourceTree = "<group>";
		};
/* End PBXVariantGroup section */

/* Begin XCBuildConfiguration section */
		219A762C1F3563B500A266CC /* Debug */ = {
			isa = XCBuildConfiguration;
			buildSettings = {
				ALWAYS_SEARCH_USER_PATHS = NO;
				CLANG_ANALYZER_NONNULL = YES;
				CLANG_ANALYZER_NUMBER_OBJECT_CONVERSION = YES_AGGRESSIVE;
				CLANG_CXX_LANGUAGE_STANDARD = "gnu++0x";
				CLANG_CXX_LIBRARY = "libc++";
				CLANG_ENABLE_MODULES = YES;
				CLANG_ENABLE_OBJC_ARC = YES;
				CLANG_WARN_BOOL_CONVERSION = YES;
				CLANG_WARN_CONSTANT_CONVERSION = YES;
				CLANG_WARN_DIRECT_OBJC_ISA_USAGE = YES_ERROR;
				CLANG_WARN_DOCUMENTATION_COMMENTS = YES;
				CLANG_WARN_EMPTY_BODY = YES;
				CLANG_WARN_ENUM_CONVERSION = YES;
				CLANG_WARN_INFINITE_RECURSION = YES;
				CLANG_WARN_INT_CONVERSION = YES;
				CLANG_WARN_OBJC_ROOT_CLASS = YES_ERROR;
				CLANG_WARN_SUSPICIOUS_MOVE = YES;
				CLANG_WARN_UNREACHABLE_CODE = YES;
				CLANG_WARN__DUPLICATE_METHOD_MATCH = YES;
				"CODE_SIGN_IDENTITY[sdk=iphoneos*]" = "iPhone Developer";
				COPY_PHASE_STRIP = NO;
				DEBUG_INFORMATION_FORMAT = dwarf;
				ENABLE_STRICT_OBJC_MSGSEND = YES;
				ENABLE_TESTABILITY = YES;
				GCC_C_LANGUAGE_STANDARD = gnu99;
				GCC_DYNAMIC_NO_PIC = NO;
				GCC_NO_COMMON_BLOCKS = YES;
				GCC_OPTIMIZATION_LEVEL = 0;
				GCC_PREPROCESSOR_DEFINITIONS = (
					"DEBUG=1",
					"$(inherited)",
				);
				GCC_WARN_64_TO_32_BIT_CONVERSION = YES;
				GCC_WARN_ABOUT_RETURN_TYPE = YES_ERROR;
				GCC_WARN_UNDECLARED_SELECTOR = YES;
				GCC_WARN_UNINITIALIZED_AUTOS = YES_AGGRESSIVE;
				GCC_WARN_UNUSED_FUNCTION = YES;
				GCC_WARN_UNUSED_VARIABLE = YES;
				IPHONEOS_DEPLOYMENT_TARGET = 10.3;
				MTL_ENABLE_DEBUG_INFO = YES;
				ONLY_ACTIVE_ARCH = YES;
				SDKROOT = iphoneos;
				SWIFT_ACTIVE_COMPILATION_CONDITIONS = DEBUG;
				SWIFT_OPTIMIZATION_LEVEL = "-Onone";
				TARGETED_DEVICE_FAMILY = "1,2";
			};
			name = Debug;
		};
		219A762D1F3563B500A266CC /* Release */ = {
			isa = XCBuildConfiguration;
			buildSettings = {
				ALWAYS_SEARCH_USER_PATHS = NO;
				CLANG_ANALYZER_NONNULL = YES;
				CLANG_ANALYZER_NUMBER_OBJECT_CONVERSION = YES_AGGRESSIVE;
				CLANG_CXX_LANGUAGE_STANDARD = "gnu++0x";
				CLANG_CXX_LIBRARY = "libc++";
				CLANG_ENABLE_MODULES = YES;
				CLANG_ENABLE_OBJC_ARC = YES;
				CLANG_WARN_BOOL_CONVERSION = YES;
				CLANG_WARN_CONSTANT_CONVERSION = YES;
				CLANG_WARN_DIRECT_OBJC_ISA_USAGE = YES_ERROR;
				CLANG_WARN_DOCUMENTATION_COMMENTS = YES;
				CLANG_WARN_EMPTY_BODY = YES;
				CLANG_WARN_ENUM_CONVERSION = YES;
				CLANG_WARN_INFINITE_RECURSION = YES;
				CLANG_WARN_INT_CONVERSION = YES;
				CLANG_WARN_OBJC_ROOT_CLASS = YES_ERROR;
				CLANG_WARN_SUSPICIOUS_MOVE = YES;
				CLANG_WARN_UNREACHABLE_CODE = YES;
				CLANG_WARN__DUPLICATE_METHOD_MATCH = YES;
				"CODE_SIGN_IDENTITY[sdk=iphoneos*]" = "iPhone Developer";
				COPY_PHASE_STRIP = NO;
				DEBUG_INFORMATION_FORMAT = "dwarf-with-dsym";
				ENABLE_NS_ASSERTIONS = NO;
				ENABLE_STRICT_OBJC_MSGSEND = YES;
				GCC_C_LANGUAGE_STANDARD = gnu99;
				GCC_NO_COMMON_BLOCKS = YES;
				GCC_WARN_64_TO_32_BIT_CONVERSION = YES;
				GCC_WARN_ABOUT_RETURN_TYPE = YES_ERROR;
				GCC_WARN_UNDECLARED_SELECTOR = YES;
				GCC_WARN_UNINITIALIZED_AUTOS = YES_AGGRESSIVE;
				GCC_WARN_UNUSED_FUNCTION = YES;
				GCC_WARN_UNUSED_VARIABLE = YES;
				IPHONEOS_DEPLOYMENT_TARGET = 10.3;
				MTL_ENABLE_DEBUG_INFO = NO;
				SDKROOT = iphoneos;
				SWIFT_OPTIMIZATION_LEVEL = "-Owholemodule";
				TARGETED_DEVICE_FAMILY = "1,2";
				VALIDATE_PRODUCT = YES;
			};
			name = Release;
		};
		219A762F1F3563B500A266CC /* Debug */ = {
			isa = XCBuildConfiguration;
			buildSettings = {
				ASSETCATALOG_COMPILER_APPICON_NAME = AppIcon;
				INFOPLIST_FILE = "Table Expandable/Info.plist";
				LD_RUNPATH_SEARCH_PATHS = "$(inherited) @executable_path/Frameworks";
				PRODUCT_BUNDLE_IDENTIFIER = "com.ram.Table-Expandable";
				PRODUCT_NAME = "$(TARGET_NAME)";
				SWIFT_VERSION = 3.0;
			};
			name = Debug;
		};
		219A76301F3563B500A266CC /* Release */ = {
			isa = XCBuildConfiguration;
			buildSettings = {
				ASSETCATALOG_COMPILER_APPICON_NAME = AppIcon;
				INFOPLIST_FILE = "Table Expandable/Info.plist";
				LD_RUNPATH_SEARCH_PATHS = "$(inherited) @executable_path/Frameworks";
				PRODUCT_BUNDLE_IDENTIFIER = "com.ram.Table-Expandable";
				PRODUCT_NAME = "$(TARGET_NAME)";
				SWIFT_VERSION = 3.0;
			};
			name = Release;
		};
/* End XCBuildConfiguration section */

/* Begin XCConfigurationList section */
		219A76171F3563B500A266CC /* Build configuration list for PBXProject "Table Expandable" */ = {
			isa = XCConfigurationList;
			buildConfigurations = (
				219A762C1F3563B500A266CC /* Debug */,
				219A762D1F3563B500A266CC /* Release */,
			);
			defaultConfigurationIsVisible = 0;
			defaultConfigurationName = Release;
		};
		219A762E1F3563B500A266CC /* Build configuration list for PBXNativeTarget "Table Expandable" */ = {
			isa = XCConfigurationList;
			buildConfigurations = (
				219A762F1F3563B500A266CC /* Debug */,
				219A76301F3563B500A266CC /* Release */,
			);
			defaultConfigurationIsVisible = 0;
		};
/* End XCConfigurationList section */
	};
	rootObject = 219A76141F3563B500A266CC /* Project object */;
}
